<?xml version="1.0" encoding="utf-8"?>
<Project ToolsVersion="4.0" xmlns="http://schemas.microsoft.com/developer/msbuild/2003">
  <ItemGroup>
    <Filter Include="Source Files">
      <UniqueIdentifier>{4FC737F1-C7A5-4376-A066-2A32D752A2FF}</UniqueIdentifier>
      <Extensions>cpp;c;cc;cxx;def;odl;idl;hpj;bat;asm;asmx</Extensions>
    </Filter>
    <Filter Include="Header Files">
      <UniqueIdentifier>{93995380-89BD-4b04-88EB-625FBE52EBFB}</UniqueIdentifier>
      <Extensions>h;hh;hpp;hxx;hm;inl;inc;xsd</Extensions>
    </Filter>
    <Filter Include="Resource Files">
      <UniqueIdentifier>{67DA6AB6-F800-4c08-8B7A-83BB121AAD01}</UniqueIdentifier>
      <Extensions>rc;ico;cur;bmp;dlg;rc2;rct;bin;rgs;gif;jpg;jpeg;jpe;resx;tiff;tif;png;wav;mfcribbon-ms</Extensions>
    </Filter>
    <Filter Include="Header Files\Socket">
      <UniqueIdentifier>{09e553fd-8867-4ab7-b825-4cb5144068d6}</UniqueIdentifier>
    </Filter>
    <Filter Include="Header Files\Utility">
      <UniqueIdentifier>{f9df7e43-4e03-4a7e-842d-7311a13868fa}</UniqueIdentifier>
    </Filter>
    <Filter Include="Source Files\Socket">
      <UniqueIdentifier>{53a42e48-cfb1-4bfe-bcb8-550b148f8e2b}</UniqueIdentifier>
    </Filter>
    <Filter Include="Source Files\Utility">
      <UniqueIdentifier>{c8c98f31-9163-4942-9ee7-5ab906e6ff4b}</UniqueIdentifier>
    </Filter>
    <Filter Include="Header Files\Entity">
      <UniqueIdentifier>{46c743e8-bc7a-427f-a07d-597e9d2cf41e}</UniqueIdentifier>
    </Filter>
    <Filter Include="Source Files\Entity">
      <UniqueIdentifier>{9e6f005a-c812-4c85-ad60-c6bbeb3d4205}</UniqueIdentifier>
    </Filter>
    <Filter Include="Source Files\Controller">
      <UniqueIdentifier>{aa761982-bf01-49bf-93e7-bf307c54a245}</UniqueIdentifier>
    </Filter>
    <Filter Include="Header Files\Controller">
      <UniqueIdentifier>{bf19e55e-8b1b-417d-92d7-853dcf32700d}</UniqueIdentifier>
    </Filter>
    <Filter Include="Source Files\State">
      <UniqueIdentifier>{8333d54c-7802-4d5f-97b1-0a11f082cc4d}</UniqueIdentifier>
    </Filter>
    <Filter Include="Header Files\State">
      <UniqueIdentifier>{a385571e-f3d3-43ab-9770-2dbb649ffb36}</UniqueIdentifier>
    </Filter>
    <Filter Include="Source Files\Cards">
      <UniqueIdentifier>{7f26c874-bfa7-4195-b1e5-835013ae6845}</UniqueIdentifier>
    </Filter>
    <Filter Include="Header Files\Cards">
      <UniqueIdentifier>{7b9efa88-51c4-432b-8dcf-d33796e69bc3}</UniqueIdentifier>
    </Filter>
  </ItemGroup>
  <ItemGroup>
    <Text Include="ReadMe.txt" />
  </ItemGroup>
  <ItemGroup>
    <ClInclude Include="ClientCommand.h">
      <Filter>Header Files\Socket</Filter>
    </ClInclude>
    <ClInclude Include="Socket.h">
      <Filter>Header Files\Socket</Filter>
    </ClInclude>
    <ClInclude Include="Sync_queue.h">
      <Filter>Header Files\Utility</Filter>
    </ClInclude>
    <ClInclude Include="throw.h">
      <Filter>Header Files\Utility</Filter>
    </ClInclude>
    <ClInclude Include="targetver.h">
      <Filter>Header Files\Utility</Filter>
    </ClInclude>
    <ClInclude Include="stdafx.h">
      <Filter>Header Files\Utility</Filter>
    </ClInclude>
    <ClInclude Include="SocketManager.h">
      <Filter>Header Files\Socket</Filter>
    </ClInclude>
    <ClInclude Include="Player.h">
      <Filter>Header Files\Entity</Filter>
    </ClInclude>
    <ClInclude Include="InputManager.h">
      <Filter>Header Files\Controller</Filter>
    </ClInclude>
    <ClInclude Include="Sync_map.h">
      <Filter>Header Files\Utility</Filter>
    </ClInclude>
    <ClInclude Include="GameManager.h">
      <Filter>Header Files\Controller</Filter>
    </ClInclude>
    <ClInclude Include="SyncedQueue.h">
      <Filter>Header Files\Controller</Filter>
    </ClInclude>
    <ClInclude Include="PlayerList.h">
      <Filter>Header Files\Controller</Filter>
    </ClInclude>
    <ClInclude Include="IGameState.h">
      <Filter>Header Files\State</Filter>
    </ClInclude>
    <ClInclude Include="GameRunningState.h">
      <Filter>Header Files\State</Filter>
    </ClInclude>
    <ClInclude Include="LobbyState.h">
      <Filter>Header Files\State</Filter>
    </ClInclude>
    <ClInclude Include="CardPile.h">
      <Filter>Header Files\Cards</Filter>
    </ClInclude>
    <ClInclude Include="ICard.h">
      <Filter>Header Files\Cards</Filter>
    </ClInclude>
    <ClInclude Include="CharacterCard.h">
      <Filter>Header Files</Filter>
    </ClInclude>
    <ClInclude Include="DistrictCard.h">
      <Filter>Header Files</Filter>
    </ClInclude>
  </ItemGroup>
  <ItemGroup>
    <ClCompile Include="main.cpp">
      <Filter>Source Files</Filter>
    </ClCompile>
    <ClCompile Include="Socket.cpp">
      <Filter>Source Files\Socket</Filter>
    </ClCompile>
    <ClCompile Include="throw.cpp">
      <Filter>Source Files\Utility</Filter>
    </ClCompile>
    <ClCompile Include="stdafx.cpp">
      <Filter>Source Files\Utility</Filter>
    </ClCompile>
    <ClCompile Include="SocketManager.cpp">
      <Filter>Source Files\Socket</Filter>
    </ClCompile>
    <ClCompile Include="InputManager.cpp">
      <Filter>Source Files\Controller</Filter>
    </ClCompile>
    <ClCompile Include="Player.cpp">
      <Filter>Source Files\Entity</Filter>
    </ClCompile>
    <ClCompile Include="GameManager.cpp">
      <Filter>Source Files\Controller</Filter>
    </ClCompile>
    <ClCompile Include="PlayerList.cpp">
      <Filter>Source Files\Controller</Filter>
    </ClCompile>
    <ClCompile Include="LobbyState.cpp">
      <Filter>Source Files\State</Filter>
    </ClCompile>
    <ClCompile Include="IGameState.cpp">
      <Filter>Source Files\State</Filter>
    </ClCompile>
    <ClCompile Include="GameRunningState.cpp">
      <Filter>Source Files\State</Filter>
    </ClCompile>
    <ClCompile Include="ICard.cpp">
      <Filter>Source Files\Cards</Filter>
    </ClCompile>
    <ClCompile Include="CharacterCard.cpp">
      <Filter>Source Files</Filter>
    </ClCompile>
    <ClCompile Include="DistrictCard.cpp">
      <Filter>Source Files</Filter>
    </ClCompile>
  </ItemGroup>
</Project>